{
  "nodes": {
    "nixpkgs": {
      "info": {
        "lastModified": 1590768846,
        "narHash": "sha256-6LALtWFeQwdOBW7E/oavIHSsjf4qaZ9n/Qghv5UAEFQ="
      },
      "locked": {
        "owner": "NixOS",
        "repo": "nixpkgs",
        "rev": "19aac2413ae2810a47850f165a592cbe0d06f744",
        "type": "github"
      },
      "original": {
        "id": "nixpkgs",
        "type": "indirect"
      }
    },
    "root": {
      "inputs": {
        "nixpkgs": "nixpkgs"
      }
    }
  },
  "root": "root",
  "version": 5
}
